<?xml version="1.0" encoding="utf-8"?>
<Project ToolsVersion="4.0" xmlns="http://schemas.microsoft.com/developer/msbuild/2003">
  <ItemGroup>
    <Filter Include="Source Files">
      <UniqueIdentifier>{4FC737F1-C7A5-4376-A066-2A32D752A2FF}</UniqueIdentifier>
      <Extensions>cpp;c;cc;cxx;c++;cppm;ixx;def;odl;idl;hpj;bat;asm;asmx</Extensions>
    </Filter>
    <Filter Include="Header Files">
      <UniqueIdentifier>{93995380-89BD-4b04-88EB-625FBE52EBFB}</UniqueIdentifier>
      <Extensions>h;hh;hpp;hxx;h++;hm;inl;inc;ipp;xsd</Extensions>
    </Filter>
    <Filter Include="Resource Files">
      <UniqueIdentifier>{67DA6AB6-F800-4c08-8B7A-83BB121AAD01}</UniqueIdentifier>
      <Extensions>rc;ico;cur;bmp;dlg;rc2;rct;bin;rgs;gif;jpg;jpeg;jpe;resx;tiff;tif;png;wav;mfcribbon-ms</Extensions>
    </Filter>
  </ItemGroup>
  <ItemGroup>
    <ClInclude Include="source\D3D12\CommandList.h">
      <Filter>Header Files</Filter>
    </ClInclude>
    <ClInclude Include="TypedD3D12.h">
      <Filter>Header Files</Filter>
    </ClInclude>
    <ClInclude Include="source\Helpers\COMHelpers.h">
      <Filter>Header Files</Filter>
    </ClInclude>
    <ClInclude Include="source\Helpers\CommonHelpers.h">
      <Filter>Header Files</Filter>
    </ClInclude>
    <ClInclude Include="source\D3D12\Device.h">
      <Filter>Header Files</Filter>
    </ClInclude>
    <ClInclude Include="source\Helpers\D3D12Helpers.h">
      <Filter>Header Files</Filter>
    </ClInclude>
    <ClInclude Include="source\Helpers\DXGIHelpers.h">
      <Filter>Header Files</Filter>
    </ClInclude>
    <ClInclude Include="source\Internal\D3D12\Meta.h">
      <Filter>Header Files</Filter>
    </ClInclude>
    <ClInclude Include="source\Internal\IUnknownWrapper.h">
      <Filter>Header Files</Filter>
    </ClInclude>
    <ClInclude Include="source\D3D12\CommandQueue.h">
      <Filter>Header Files</Filter>
    </ClInclude>
    <ClInclude Include="source\D3D12\PipelineState.h">
      <Filter>Header Files</Filter>
    </ClInclude>
    <ClInclude Include="source\D3D12\DescriptorHeap.h">
      <Filter>Header Files</Filter>
    </ClInclude>
    <ClInclude Include="d3dx12.h">
      <Filter>Header Files</Filter>
    </ClInclude>
    <ClInclude Include="source\D3D12\CommandAllocator.h">
      <Filter>Header Files</Filter>
    </ClInclude>
    <ClInclude Include="source\Wrappers.h">
      <Filter>Header Files</Filter>
    </ClInclude>
    <ClInclude Include="source\D3D12Wrappers.h">
      <Filter>Header Files</Filter>
    </ClInclude>
    <ClInclude Include="source\DXGI\Factory.h">
      <Filter>Header Files</Filter>
    </ClInclude>
    <ClInclude Include="source\DXGI\SwapChain.h">
      <Filter>Header Files</Filter>
    </ClInclude>
    <ClInclude Include="source\Internal\d3dConcepts.h">
      <Filter>Header Files</Filter>
    </ClInclude>
    <ClInclude Include="source\DXGI\Adapter.h">
      <Filter>Header Files</Filter>
    </ClInclude>
    <ClInclude Include="source\D3D12\Resource.h">
      <Filter>Header Files</Filter>
    </ClInclude>
    <ClInclude Include="source\D3D11\Device.h">
      <Filter>Header Files</Filter>
    </ClInclude>
    <ClInclude Include="expected.hpp">
      <Filter>Header Files</Filter>
    </ClInclude>
    <ClInclude Include="source\D3D11\DeviceContext.h">
      <Filter>Header Files</Filter>
    </ClInclude>
    <ClInclude Include="source\D3D11\DeviceChild.h">
      <Filter>Header Files</Filter>
    </ClInclude>
    <ClInclude Include="TypedD3D11.h">
      <Filter>Header Files</Filter>
    </ClInclude>
    <ClInclude Include="span_tuple.h">
      <Filter>Header Files</Filter>
    </ClInclude>
    <ClInclude Include="source\D3D11\Shaders.h">
      <Filter>Header Files</Filter>
    </ClInclude>
    <ClInclude Include="source\D3D11\Resources.h">
      <Filter>Header Files</Filter>
    </ClInclude>
    <ClInclude Include="source\D3D11\InputLayout.h">
      <Filter>Header Files</Filter>
    </ClInclude>
    <ClInclude Include="source\D3D11\ResourceViews.h">
      <Filter>Header Files</Filter>
    </ClInclude>
    <ClInclude Include="source\D3D11\States.h">
      <Filter>Header Files</Filter>
    </ClInclude>
    <ClInclude Include="source\D3D11\Constants.h">
      <Filter>Header Files</Filter>
    </ClInclude>
  </ItemGroup>
  <ItemGroup>
    <ClCompile Include="source\Helpers\D3D12Helpers.cpp">
      <Filter>Source Files</Filter>
    </ClCompile>
    <ClCompile Include="TypedDXGI.h">
      <Filter>Source Files</Filter>
    </ClCompile>
  </ItemGroup>
  <ItemGroup>
    <None Include="gsl\algorithm" />
    <None Include="gsl\assert" />
    <None Include="gsl\byte" />
    <None Include="gsl\gsl" />
    <None Include="gsl\gsl_algorithm" />
    <None Include="gsl\gsl_assert" />
    <None Include="gsl\gsl_byte" />
    <None Include="gsl\gsl_narrow" />
    <None Include="gsl\gsl_util" />
    <None Include="gsl\narrow" />
    <None Include="gsl\pointers" />
    <None Include="gsl\span" />
    <None Include="gsl\span_ext" />
    <None Include="gsl\string_span" />
    <None Include="gsl\util" />
  </ItemGroup>
</Project>